
Microsoft Visual Studio Solution File, Format Version 12.00
# Visual Studio Version 16
VisualStudioVersion = 16.0.29009.5
MinimumVisualStudioVersion = 10.0.40219.1
Project("{FAE04EC0-301F-11D3-BF4B-00C04F79EFBC}") = "Lesson №1-7", "Xsenus.HelloWorld\Lesson №1-7.csproj", "{5B2DDBBC-994A-4624-BAAD-DB13AC65F93C}"
EndProject
Project("{FAE04EC0-301F-11D3-BF4B-00C04F79EFBC}") = "Lesson №7", "Lesson №7\Lesson №7.csproj", "{8423F341-59A2-4F99-B6E5-BD68891522D6}"
EndProject
Project("{FAE04EC0-301F-11D3-BF4B-00C04F79EFBC}") = "Lesson №8", "Lesson №8\Lesson №8.csproj", "{DAFE034D-4EB7-4844-905F-D57E9470F3D4}"
EndProject
Project("{FAE04EC0-301F-11D3-BF4B-00C04F79EFBC}") = "Lesson №9", "Lesson №9\Lesson №9.csproj", "{D0F9E652-1340-4F2C-B945-F517503DB3F8}"
EndProject
Project("{FAE04EC0-301F-11D3-BF4B-00C04F79EFBC}") = "Lesson №10", "Lesson №10\Lesson №10.csproj", "{FB7091BC-2979-448A-9AC5-47D6315419CA}"
EndProject
Project("{FAE04EC0-301F-11D3-BF4B-00C04F79EFBC}") = "Lesson №11", "Lesson №11\Lesson №11.csproj", "{712DDE1D-FDE2-4FED-9353-50217B7293CC}"
EndProject
Project("{FAE04EC0-301F-11D3-BF4B-00C04F79EFBC}") = "Lesson №12", "Lesson №12\Lesson №12.csproj", "{A095B8B3-77CA-464B-A1DF-2BACFFF3FA6E}"
EndProject
Project("{FAE04EC0-301F-11D3-BF4B-00C04F79EFBC}") = "Lesson №13", "Lesson №13\Lesson №13.csproj", "{9F704E3C-6920-4A71-90C6-49904A858F88}"
EndProject
Project("{FAE04EC0-301F-11D3-BF4B-00C04F79EFBC}") = "Lesson №14", "Lesson №14\Lesson №14.csproj", "{F3CBFA45-2368-4A0C-A756-08E6471D6E5A}"
EndProject
Project("{FAE04EC0-301F-11D3-BF4B-00C04F79EFBC}") = "Lesson №15", "Lesson №15\Lesson №15.csproj", "{AFFFECD0-C097-4DEE-8E87-EE489DF08B0B}"
EndProject
Project("{FAE04EC0-301F-11D3-BF4B-00C04F79EFBC}") = "Lesson №16", "Lesson №16\Lesson №16.csproj", "{265AB1A8-1B3D-4671-8BB0-B870D5D8037B}"
EndProject
Project("{FAE04EC0-301F-11D3-BF4B-00C04F79EFBC}") = "Lesson №17", "Lesson №17\Lesson №17.csproj", "{498B413A-2328-4305-A253-39CDAA9BEC5D}"
EndProject
Project("{FAE04EC0-301F-11D3-BF4B-00C04F79EFBC}") = "Lesson №18 (ServerTCP)", "Lesson №18 (ServerTCP)\Lesson №18 (ServerTCP).csproj", "{7E3B6B52-7041-4B91-BC57-0C538FF5E929}"
EndProject
Project("{FAE04EC0-301F-11D3-BF4B-00C04F79EFBC}") = "Lesson №18 (ClientTCP)", "Lesson №18 (ClientTCP)\Lesson №18 (ClientTCP).csproj", "{4CE59992-73A8-465E-9688-713A32B3023E}"
EndProject
Project("{FAE04EC0-301F-11D3-BF4B-00C04F79EFBC}") = "Lesson №18 (ClientUDP)", "Lesson №18 (ClientUDP)\Lesson №18 (ClientUDP).csproj", "{1E05EC9F-6C55-42FF-93A1-F606F7B9399D}"
EndProject
Project("{FAE04EC0-301F-11D3-BF4B-00C04F79EFBC}") = "Lesson №18 (ServerUDP)", "Lesson №18 (ServerUDP)\Lesson №18 (ServerUDP).csproj", "{AF4267EE-CFB6-4DCF-BBC3-E357A7961680}"
EndProject
Project("{FAE04EC0-301F-11D3-BF4B-00C04F79EFBC}") = "Lesson №19", "Lesson №19\Lesson №19.csproj", "{82364AFF-90DA-4331-85C8-FA3674F2247C}"
EndProject
Project("{FAE04EC0-301F-11D3-BF4B-00C04F79EFBC}") = "Lesson №20", "Lesson №20\Lesson №20.csproj", "{07AF0AB5-CC08-445B-9BDF-9FD762062761}"
EndProject
Project("{FAE04EC0-301F-11D3-BF4B-00C04F79EFBC}") = "Lesson №21", "Lesson №21\Lesson №21.csproj", "{C9666981-CD38-4F84-A0F6-8FD000294ABE}"
EndProject
Project("{FAE04EC0-301F-11D3-BF4B-00C04F79EFBC}") = "Lesson №22", "Lesson №22\Lesson №22.csproj", "{D9B8B85D-E1C4-4BDE-BF48-D02B6FD7AC9C}"
EndProject
Project("{FAE04EC0-301F-11D3-BF4B-00C04F79EFBC}") = "Lesson №23", "Lesson №23\Lesson №23.csproj", "{82AF41D0-E4AE-4A0E-8A8A-863C9D3D72EE}"
EndProject
Project("{FAE04EC0-301F-11D3-BF4B-00C04F79EFBC}") = "Lesson №24", "Lesson №24\Lesson №24.csproj", "{4E65F751-FAEC-4307-ABAA-B4D6DAB3C8F5}"
EndProject
Project("{FAE04EC0-301F-11D3-BF4B-00C04F79EFBC}") = "Lesson №25", "Lesson №25\Lesson №25.csproj", "{B4CACF9B-7BAB-43F2-B3B2-CDD442BAD482}"
EndProject
Project("{FAE04EC0-301F-11D3-BF4B-00C04F79EFBC}") = "Lesson №26", "Lesson №26\Lesson №26.csproj", "{5241383A-D978-4930-9688-8C8A83D0ECAE}"
EndProject
Project("{FAE04EC0-301F-11D3-BF4B-00C04F79EFBC}") = "Lesson №28", "Lesson №28\Lesson №28.csproj", "{3EBBD72B-89CA-45FC-833C-C69F2D96D4EE}"
EndProject
Project("{FAE04EC0-301F-11D3-BF4B-00C04F79EFBC}") = "Lesson №29", "Lesson №29\Lesson №29.csproj", "{A31F9B0B-9598-4F19-B5F7-F0EB26F9A01A}"
EndProject
Project("{FAE04EC0-301F-11D3-BF4B-00C04F79EFBC}") = "Lesson №30", "Lesson №30\Lesson №30.csproj", "{32B0572B-FC75-4347-8FDB-C5F1B4EC7856}"
EndProject
Global
	GlobalSection(SolutionConfigurationPlatforms) = preSolution
		Debug|Any CPU = Debug|Any CPU
		Release|Any CPU = Release|Any CPU
	EndGlobalSection
	GlobalSection(ProjectConfigurationPlatforms) = postSolution
		{5B2DDBBC-994A-4624-BAAD-DB13AC65F93C}.Debug|Any CPU.ActiveCfg = Debug|Any CPU
		{5B2DDBBC-994A-4624-BAAD-DB13AC65F93C}.Debug|Any CPU.Build.0 = Debug|Any CPU
		{5B2DDBBC-994A-4624-BAAD-DB13AC65F93C}.Release|Any CPU.ActiveCfg = Release|Any CPU
		{5B2DDBBC-994A-4624-BAAD-DB13AC65F93C}.Release|Any CPU.Build.0 = Release|Any CPU
		{8423F341-59A2-4F99-B6E5-BD68891522D6}.Debug|Any CPU.ActiveCfg = Debug|Any CPU
		{8423F341-59A2-4F99-B6E5-BD68891522D6}.Debug|Any CPU.Build.0 = Debug|Any CPU
		{8423F341-59A2-4F99-B6E5-BD68891522D6}.Release|Any CPU.ActiveCfg = Release|Any CPU
		{8423F341-59A2-4F99-B6E5-BD68891522D6}.Release|Any CPU.Build.0 = Release|Any CPU
		{DAFE034D-4EB7-4844-905F-D57E9470F3D4}.Debug|Any CPU.ActiveCfg = Debug|Any CPU
		{DAFE034D-4EB7-4844-905F-D57E9470F3D4}.Debug|Any CPU.Build.0 = Debug|Any CPU
		{DAFE034D-4EB7-4844-905F-D57E9470F3D4}.Release|Any CPU.ActiveCfg = Release|Any CPU
		{DAFE034D-4EB7-4844-905F-D57E9470F3D4}.Release|Any CPU.Build.0 = Release|Any CPU
		{D0F9E652-1340-4F2C-B945-F517503DB3F8}.Debug|Any CPU.ActiveCfg = Debug|Any CPU
		{D0F9E652-1340-4F2C-B945-F517503DB3F8}.Debug|Any CPU.Build.0 = Debug|Any CPU
		{D0F9E652-1340-4F2C-B945-F517503DB3F8}.Release|Any CPU.ActiveCfg = Release|Any CPU
		{D0F9E652-1340-4F2C-B945-F517503DB3F8}.Release|Any CPU.Build.0 = Release|Any CPU
		{FB7091BC-2979-448A-9AC5-47D6315419CA}.Debug|Any CPU.ActiveCfg = Debug|Any CPU
		{FB7091BC-2979-448A-9AC5-47D6315419CA}.Debug|Any CPU.Build.0 = Debug|Any CPU
		{FB7091BC-2979-448A-9AC5-47D6315419CA}.Release|Any CPU.ActiveCfg = Release|Any CPU
		{FB7091BC-2979-448A-9AC5-47D6315419CA}.Release|Any CPU.Build.0 = Release|Any CPU
		{712DDE1D-FDE2-4FED-9353-50217B7293CC}.Debug|Any CPU.ActiveCfg = Debug|Any CPU
		{712DDE1D-FDE2-4FED-9353-50217B7293CC}.Debug|Any CPU.Build.0 = Debug|Any CPU
		{712DDE1D-FDE2-4FED-9353-50217B7293CC}.Release|Any CPU.ActiveCfg = Release|Any CPU
		{712DDE1D-FDE2-4FED-9353-50217B7293CC}.Release|Any CPU.Build.0 = Release|Any CPU
		{A095B8B3-77CA-464B-A1DF-2BACFFF3FA6E}.Debug|Any CPU.ActiveCfg = Debug|Any CPU
		{A095B8B3-77CA-464B-A1DF-2BACFFF3FA6E}.Debug|Any CPU.Build.0 = Debug|Any CPU
		{A095B8B3-77CA-464B-A1DF-2BACFFF3FA6E}.Release|Any CPU.ActiveCfg = Release|Any CPU
		{A095B8B3-77CA-464B-A1DF-2BACFFF3FA6E}.Release|Any CPU.Build.0 = Release|Any CPU
		{9F704E3C-6920-4A71-90C6-49904A858F88}.Debug|Any CPU.ActiveCfg = Debug|Any CPU
		{9F704E3C-6920-4A71-90C6-49904A858F88}.Debug|Any CPU.Build.0 = Debug|Any CPU
		{9F704E3C-6920-4A71-90C6-49904A858F88}.Release|Any CPU.ActiveCfg = Release|Any CPU
		{9F704E3C-6920-4A71-90C6-49904A858F88}.Release|Any CPU.Build.0 = Release|Any CPU
		{F3CBFA45-2368-4A0C-A756-08E6471D6E5A}.Debug|Any CPU.ActiveCfg = Debug|Any CPU
		{F3CBFA45-2368-4A0C-A756-08E6471D6E5A}.Debug|Any CPU.Build.0 = Debug|Any CPU
		{F3CBFA45-2368-4A0C-A756-08E6471D6E5A}.Release|Any CPU.ActiveCfg = Release|Any CPU
		{F3CBFA45-2368-4A0C-A756-08E6471D6E5A}.Release|Any CPU.Build.0 = Release|Any CPU
		{AFFFECD0-C097-4DEE-8E87-EE489DF08B0B}.Debug|Any CPU.ActiveCfg = Debug|Any CPU
		{AFFFECD0-C097-4DEE-8E87-EE489DF08B0B}.Debug|Any CPU.Build.0 = Debug|Any CPU
		{AFFFECD0-C097-4DEE-8E87-EE489DF08B0B}.Release|Any CPU.ActiveCfg = Release|Any CPU
		{AFFFECD0-C097-4DEE-8E87-EE489DF08B0B}.Release|Any CPU.Build.0 = Release|Any CPU
		{265AB1A8-1B3D-4671-8BB0-B870D5D8037B}.Debug|Any CPU.ActiveCfg = Debug|Any CPU
		{265AB1A8-1B3D-4671-8BB0-B870D5D8037B}.Debug|Any CPU.Build.0 = Debug|Any CPU
		{265AB1A8-1B3D-4671-8BB0-B870D5D8037B}.Release|Any CPU.ActiveCfg = Release|Any CPU
		{265AB1A8-1B3D-4671-8BB0-B870D5D8037B}.Release|Any CPU.Build.0 = Release|Any CPU
		{498B413A-2328-4305-A253-39CDAA9BEC5D}.Debug|Any CPU.ActiveCfg = Debug|Any CPU
		{498B413A-2328-4305-A253-39CDAA9BEC5D}.Debug|Any CPU.Build.0 = Debug|Any CPU
		{498B413A-2328-4305-A253-39CDAA9BEC5D}.Release|Any CPU.ActiveCfg = Release|Any CPU
		{498B413A-2328-4305-A253-39CDAA9BEC5D}.Release|Any CPU.Build.0 = Release|Any CPU
		{7E3B6B52-7041-4B91-BC57-0C538FF5E929}.Debug|Any CPU.ActiveCfg = Debug|Any CPU
		{7E3B6B52-7041-4B91-BC57-0C538FF5E929}.Debug|Any CPU.Build.0 = Debug|Any CPU
		{7E3B6B52-7041-4B91-BC57-0C538FF5E929}.Release|Any CPU.ActiveCfg = Release|Any CPU
		{7E3B6B52-7041-4B91-BC57-0C538FF5E929}.Release|Any CPU.Build.0 = Release|Any CPU
		{4CE59992-73A8-465E-9688-713A32B3023E}.Debug|Any CPU.ActiveCfg = Debug|Any CPU
		{4CE59992-73A8-465E-9688-713A32B3023E}.Debug|Any CPU.Build.0 = Debug|Any CPU
		{4CE59992-73A8-465E-9688-713A32B3023E}.Release|Any CPU.ActiveCfg = Release|Any CPU
		{4CE59992-73A8-465E-9688-713A32B3023E}.Release|Any CPU.Build.0 = Release|Any CPU
		{1E05EC9F-6C55-42FF-93A1-F606F7B9399D}.Debug|Any CPU.ActiveCfg = Debug|Any CPU
		{1E05EC9F-6C55-42FF-93A1-F606F7B9399D}.Debug|Any CPU.Build.0 = Debug|Any CPU
		{1E05EC9F-6C55-42FF-93A1-F606F7B9399D}.Release|Any CPU.ActiveCfg = Release|Any CPU
		{1E05EC9F-6C55-42FF-93A1-F606F7B9399D}.Release|Any CPU.Build.0 = Release|Any CPU
		{AF4267EE-CFB6-4DCF-BBC3-E357A7961680}.Debug|Any CPU.ActiveCfg = Debug|Any CPU
		{AF4267EE-CFB6-4DCF-BBC3-E357A7961680}.Debug|Any CPU.Build.0 = Debug|Any CPU
		{AF4267EE-CFB6-4DCF-BBC3-E357A7961680}.Release|Any CPU.ActiveCfg = Release|Any CPU
		{AF4267EE-CFB6-4DCF-BBC3-E357A7961680}.Release|Any CPU.Build.0 = Release|Any CPU
		{82364AFF-90DA-4331-85C8-FA3674F2247C}.Debug|Any CPU.ActiveCfg = Debug|Any CPU
		{82364AFF-90DA-4331-85C8-FA3674F2247C}.Debug|Any CPU.Build.0 = Debug|Any CPU
		{82364AFF-90DA-4331-85C8-FA3674F2247C}.Release|Any CPU.ActiveCfg = Release|Any CPU
		{82364AFF-90DA-4331-85C8-FA3674F2247C}.Release|Any CPU.Build.0 = Release|Any CPU
		{07AF0AB5-CC08-445B-9BDF-9FD762062761}.Debug|Any CPU.ActiveCfg = Debug|Any CPU
		{07AF0AB5-CC08-445B-9BDF-9FD762062761}.Debug|Any CPU.Build.0 = Debug|Any CPU
		{07AF0AB5-CC08-445B-9BDF-9FD762062761}.Release|Any CPU.ActiveCfg = Release|Any CPU
		{07AF0AB5-CC08-445B-9BDF-9FD762062761}.Release|Any CPU.Build.0 = Release|Any CPU
		{C9666981-CD38-4F84-A0F6-8FD000294ABE}.Debug|Any CPU.ActiveCfg = Debug|Any CPU
		{C9666981-CD38-4F84-A0F6-8FD000294ABE}.Debug|Any CPU.Build.0 = Debug|Any CPU
		{C9666981-CD38-4F84-A0F6-8FD000294ABE}.Release|Any CPU.ActiveCfg = Release|Any CPU
		{C9666981-CD38-4F84-A0F6-8FD000294ABE}.Release|Any CPU.Build.0 = Release|Any CPU
		{D9B8B85D-E1C4-4BDE-BF48-D02B6FD7AC9C}.Debug|Any CPU.ActiveCfg = Debug|Any CPU
		{D9B8B85D-E1C4-4BDE-BF48-D02B6FD7AC9C}.Debug|Any CPU.Build.0 = Debug|Any CPU
		{D9B8B85D-E1C4-4BDE-BF48-D02B6FD7AC9C}.Release|Any CPU.ActiveCfg = Release|Any CPU
		{D9B8B85D-E1C4-4BDE-BF48-D02B6FD7AC9C}.Release|Any CPU.Build.0 = Release|Any CPU
		{82AF41D0-E4AE-4A0E-8A8A-863C9D3D72EE}.Debug|Any CPU.ActiveCfg = Debug|Any CPU
		{82AF41D0-E4AE-4A0E-8A8A-863C9D3D72EE}.Debug|Any CPU.Build.0 = Debug|Any CPU
		{82AF41D0-E4AE-4A0E-8A8A-863C9D3D72EE}.Release|Any CPU.ActiveCfg = Release|Any CPU
		{82AF41D0-E4AE-4A0E-8A8A-863C9D3D72EE}.Release|Any CPU.Build.0 = Release|Any CPU
		{4E65F751-FAEC-4307-ABAA-B4D6DAB3C8F5}.Debug|Any CPU.ActiveCfg = Debug|Any CPU
		{4E65F751-FAEC-4307-ABAA-B4D6DAB3C8F5}.Debug|Any CPU.Build.0 = Debug|Any CPU
		{4E65F751-FAEC-4307-ABAA-B4D6DAB3C8F5}.Release|Any CPU.ActiveCfg = Release|Any CPU
		{4E65F751-FAEC-4307-ABAA-B4D6DAB3C8F5}.Release|Any CPU.Build.0 = Release|Any CPU
		{B4CACF9B-7BAB-43F2-B3B2-CDD442BAD482}.Debug|Any CPU.ActiveCfg = Debug|Any CPU
		{B4CACF9B-7BAB-43F2-B3B2-CDD442BAD482}.Debug|Any CPU.Build.0 = Debug|Any CPU
		{B4CACF9B-7BAB-43F2-B3B2-CDD442BAD482}.Release|Any CPU.ActiveCfg = Release|Any CPU
		{B4CACF9B-7BAB-43F2-B3B2-CDD442BAD482}.Release|Any CPU.Build.0 = Release|Any CPU
		{5241383A-D978-4930-9688-8C8A83D0ECAE}.Debug|Any CPU.ActiveCfg = Debug|Any CPU
		{5241383A-D978-4930-9688-8C8A83D0ECAE}.Debug|Any CPU.Build.0 = Debug|Any CPU
		{5241383A-D978-4930-9688-8C8A83D0ECAE}.Release|Any CPU.ActiveCfg = Release|Any CPU
		{5241383A-D978-4930-9688-8C8A83D0ECAE}.Release|Any CPU.Build.0 = Release|Any CPU
		{3EBBD72B-89CA-45FC-833C-C69F2D96D4EE}.Debug|Any CPU.ActiveCfg = Debug|Any CPU
		{3EBBD72B-89CA-45FC-833C-C69F2D96D4EE}.Debug|Any CPU.Build.0 = Debug|Any CPU
		{3EBBD72B-89CA-45FC-833C-C69F2D96D4EE}.Release|Any CPU.ActiveCfg = Release|Any CPU
		{3EBBD72B-89CA-45FC-833C-C69F2D96D4EE}.Release|Any CPU.Build.0 = Release|Any CPU
		{A31F9B0B-9598-4F19-B5F7-F0EB26F9A01A}.Debug|Any CPU.ActiveCfg = Debug|Any CPU
		{A31F9B0B-9598-4F19-B5F7-F0EB26F9A01A}.Debug|Any CPU.Build.0 = Debug|Any CPU
		{A31F9B0B-9598-4F19-B5F7-F0EB26F9A01A}.Release|Any CPU.ActiveCfg = Release|Any CPU
		{A31F9B0B-9598-4F19-B5F7-F0EB26F9A01A}.Release|Any CPU.Build.0 = Release|Any CPU
		{32B0572B-FC75-4347-8FDB-C5F1B4EC7856}.Debug|Any CPU.ActiveCfg = Debug|Any CPU
		{32B0572B-FC75-4347-8FDB-C5F1B4EC7856}.Debug|Any CPU.Build.0 = Debug|Any CPU
		{32B0572B-FC75-4347-8FDB-C5F1B4EC7856}.Release|Any CPU.ActiveCfg = Release|Any CPU
		{32B0572B-FC75-4347-8FDB-C5F1B4EC7856}.Release|Any CPU.Build.0 = Release|Any CPU
	EndGlobalSection
	GlobalSection(SolutionProperties) = preSolution
		HideSolutionNode = FALSE
	EndGlobalSection
	GlobalSection(ExtensibilityGlobals) = postSolution
		SolutionGuid = {D05B41D4-25D8-4414-B344-71F03461B00F}
	EndGlobalSection
EndGlobal
